<?xml version="1.0" encoding="utf-8"?>
<Project ToolsVersion="4.0" xmlns="http://schemas.microsoft.com/developer/msbuild/2003">
  <ItemGroup>
    <Filter Include="Source Files">
      <UniqueIdentifier>{4FC737F1-C7A5-4376-A066-2A32D752A2FF}</UniqueIdentifier>
      <Extensions>cpp;c;cc;cxx;c++;cppm;ixx;def;odl;idl;hpj;bat;asm;asmx</Extensions>
    </Filter>
    <Filter Include="Header Files">
      <UniqueIdentifier>{93995380-89BD-4b04-88EB-625FBE52EBFB}</UniqueIdentifier>
      <Extensions>h;hh;hpp;hxx;h++;hm;inl;inc;ipp;xsd</Extensions>
    </Filter>
    <Filter Include="Resource Files">
      <UniqueIdentifier>{67DA6AB6-F800-4c08-8B7A-83BB121AAD01}</UniqueIdentifier>
      <Extensions>rc;ico;cur;bmp;dlg;rc2;rct;bin;rgs;gif;jpg;jpeg;jpe;resx;tiff;tif;png;wav;mfcribbon-ms</Extensions>
    </Filter>
    <Filter Include="Header Files\GameObjects">
      <UniqueIdentifier>{8fe66923-cc91-497d-9595-50feaf0fe152}</UniqueIdentifier>
    </Filter>
    <Filter Include="Resource Files\GameObjects">
      <UniqueIdentifier>{8e4e9f6a-ba01-4f5d-91ff-1d563d3ffa8f}</UniqueIdentifier>
    </Filter>
    <Filter Include="Header Files\States">
      <UniqueIdentifier>{8abf02b3-c7f6-46b1-a403-8557bca185da}</UniqueIdentifier>
    </Filter>
    <Filter Include="Resource Files\States">
      <UniqueIdentifier>{5b790dc5-0d4b-4733-8e35-ebb9849daa51}</UniqueIdentifier>
    </Filter>
    <Filter Include="Header Files\States\Menus">
      <UniqueIdentifier>{b32f21a9-e949-4d7e-bacf-82ff57e0a8e3}</UniqueIdentifier>
    </Filter>
    <Filter Include="Header Files\States\Games">
      <UniqueIdentifier>{526e61e3-d69c-40ed-914a-0753186a9f3f}</UniqueIdentifier>
    </Filter>
    <Filter Include="Resource Files\States\Games">
      <UniqueIdentifier>{58228740-5139-4397-9d4d-78c1a61c3e50}</UniqueIdentifier>
    </Filter>
    <Filter Include="Resource Files\States\Menus">
      <UniqueIdentifier>{ae70eab8-c875-482e-afd9-b96aa9000a48}</UniqueIdentifier>
    </Filter>
  </ItemGroup>
  <ItemGroup>
    <ClCompile Include="Scripts\GameObjects\Button.cpp">
      <Filter>Resource Files\GameObjects</Filter>
    </ClCompile>
    <ClCompile Include="Scripts\GameObjects\Paddle.cpp">
      <Filter>Resource Files\GameObjects</Filter>
    </ClCompile>
    <ClCompile Include="Scripts\GameObjects\PongBall.cpp">
      <Filter>Resource Files\GameObjects</Filter>
    </ClCompile>
    <ClCompile Include="Scripts\GameObjects\Ball.cpp">
      <Filter>Resource Files\GameObjects</Filter>
    </ClCompile>
    <ClCompile Include="Scripts\GameObjects\Tile.cpp">
      <Filter>Resource Files\GameObjects</Filter>
    </ClCompile>
    <ClCompile Include="Scripts\Main.cpp">
      <Filter>Source Files</Filter>
    </ClCompile>
    <ClCompile Include="Scripts\Game.cpp">
      <Filter>Resource Files</Filter>
    </ClCompile>
    <ClCompile Include="Scripts\ResourceManager.cpp">
      <Filter>Resource Files</Filter>
    </ClCompile>
    <ClCompile Include="Scripts\States\Games\LevelEditor.cpp">
      <Filter>Resource Files\States\Games</Filter>
    </ClCompile>
    <ClCompile Include="Scripts\States\Games\PongState.cpp">
      <Filter>Resource Files\States\Games</Filter>
    </ClCompile>
    <ClCompile Include="Scripts\States\Games\BreakoutState.cpp">
      <Filter>Resource Files\States\Games</Filter>
    </ClCompile>
    <ClCompile Include="Scripts\States\Menus\OptionsMenu.cpp">
      <Filter>Resource Files\States\Menus</Filter>
    </ClCompile>
    <ClCompile Include="Scripts\States\Menus\PauseMenu.cpp">
      <Filter>Resource Files\States\Menus</Filter>
    </ClCompile>
    <ClCompile Include="Scripts\States\Menus\SaveMenu.cpp">
      <Filter>Resource Files\States\Menus</Filter>
    </ClCompile>
    <ClCompile Include="Scripts\States\Menus\BreakoutMenu.cpp">
      <Filter>Resource Files\States\Menus</Filter>
    </ClCompile>
    <ClCompile Include="Scripts\States\Menus\GameOver.cpp">
      <Filter>Resource Files\States\Menus</Filter>
    </ClCompile>
    <ClCompile Include="Scripts\States\Menus\LoadMenu.cpp">
      <Filter>Resource Files\States\Menus</Filter>
    </ClCompile>
    <ClCompile Include="Scripts\States\Menus\MainMenu.cpp">
      <Filter>Resource Files\States\Menus</Filter>
    </ClCompile>
    <ClCompile Include="Scripts\LevelLoader.cpp">
      <Filter>Resource Files</Filter>
    </ClCompile>
  </ItemGroup>
  <ItemGroup>
    <ClInclude Include="Scripts\GameObjects\Button.h">
      <Filter>Header Files\GameObjects</Filter>
    </ClInclude>
    <ClInclude Include="Scripts\GameObjects\Paddle.h">
      <Filter>Header Files\GameObjects</Filter>
    </ClInclude>
    <ClInclude Include="Scripts\GameObjects\PongBall.h">
      <Filter>Header Files\GameObjects</Filter>
    </ClInclude>
    <ClInclude Include="Scripts\GameObjects\Ball.h">
      <Filter>Header Files\GameObjects</Filter>
    </ClInclude>
    <ClInclude Include="Scripts\stdafx.h">
      <Filter>Header Files</Filter>
    </ClInclude>
    <ClInclude Include="Scripts\States\State.h">
      <Filter>Header Files\States</Filter>
    </ClInclude>
    <ClInclude Include="Scripts\GameObjects\Tile.h">
      <Filter>Header Files\GameObjects</Filter>
    </ClInclude>
    <ClInclude Include="Scripts\ResourceManager.h">
      <Filter>Header Files</Filter>
    </ClInclude>
    <ClInclude Include="Scripts\Game.h">
      <Filter>Header Files</Filter>
    </ClInclude>
    <ClInclude Include="Scripts\States\Games\LevelEditor.h">
      <Filter>Header Files\States\Games</Filter>
    </ClInclude>
    <ClInclude Include="Scripts\States\Games\PongState.h">
      <Filter>Header Files\States\Games</Filter>
    </ClInclude>
    <ClInclude Include="Scripts\States\Games\BreakoutState.h">
      <Filter>Header Files\States\Games</Filter>
    </ClInclude>
    <ClInclude Include="Scripts\States\Menus\MainMenu.h">
      <Filter>Header Files\States\Menus</Filter>
    </ClInclude>
    <ClInclude Include="Scripts\States\Menus\OptionsMenu.h">
      <Filter>Header Files\States\Menus</Filter>
    </ClInclude>
    <ClInclude Include="Scripts\States\Menus\PauseMenu.h">
      <Filter>Header Files\States\Menus</Filter>
    </ClInclude>
    <ClInclude Include="Scripts\States\Menus\SaveMenu.h">
      <Filter>Header Files\States\Menus</Filter>
    </ClInclude>
    <ClInclude Include="Scripts\States\Menus\BreakoutMenu.h">
      <Filter>Header Files\States\Menus</Filter>
    </ClInclude>
    <ClInclude Include="Scripts\States\Menus\GameOver.h">
      <Filter>Header Files\States\Menus</Filter>
    </ClInclude>
    <ClInclude Include="Scripts\States\Menus\LoadMenu.h">
      <Filter>Header Files\States\Menus</Filter>
    </ClInclude>
    <ClInclude Include="Scripts\LevelLoader.h">
      <Filter>Header Files</Filter>
    </ClInclude>
  </ItemGroup>
</Project>